
Microsoft Visual Studio Solution File, Format Version 12.00
# Visual Studio Version 17
VisualStudioVersion = 17.2.32616.157
MinimumVisualStudioVersion = 10.0.40219.1
Project("{FAE04EC0-301F-11D3-BF4B-00C04F79EFBC}") = "MilkAndBreadCL", "MilkAndBreadCL.csproj", "{79060C6D-F53E-4BCC-9231-97B92BA31930}"
EndProject
Global
	GlobalSection(SolutionConfigurationPlatforms) = preSolution
		Debug|Any CPU = Debug|Any CPU
		Release|Any CPU = Release|Any CPU
	EndGlobalSection
	GlobalSection(ProjectConfigurationPlatforms) = postSolution
		{79060C6D-F53E-4BCC-9231-97B92BA31930}.Debug|Any CPU.ActiveCfg = Debug|Any CPU
		{79060C6D-F53E-4BCC-9231-97B92BA31930}.Debug|Any CPU.Build.0 = Debug|Any CPU
		{79060C6D-F53E-4BCC-9231-97B92BA31930}.Release|Any CPU.ActiveCfg = Release|Any CPU
		{79060C6D-F53E-4BCC-9231-97B92BA31930}.Release|Any CPU.Build.0 = Release|Any CPU
	EndGlobalSection
	GlobalSection(SolutionProperties) = preSolution
		HideSolutionNode = FALSE
	EndGlobalSection
	GlobalSection(ExtensibilityGlobals) = postSolution
		SolutionGuid = {DA158782-BD77-40AF-86C3-09972FDBEDEF}
	EndGlobalSection
EndGlobal
